<?xml version="1.0" encoding="UTF-8" standalone="yes" ?>
<CodeBlocks_project_file>
	<FileVersion major="1" minor="6" />
	<Project>
		<Option title="compiler5" />
		<Option pch_mode="2" />
		<Option compiler="gcc" />
		<Build>
			<Target title="Debug">
				<Option output="bin/Debug/compiler5" prefix_auto="1" extension_auto="1" />
				<Option object_output="obj/Debug/" />
				<Option type="1" />
				<Option compiler="gcc" />
				<Compiler>
					<Add option="-std=c++11" />
					<Add option="-g" />
				</Compiler>
			</Target>
			<Target title="Release">
				<Option output="bin/Release/compiler5" prefix_auto="1" extension_auto="1" />
				<Option object_output="obj/Release/" />
				<Option type="1" />
				<Option compiler="gcc" />
				<Compiler>
					<Add option="-O2" />
				</Compiler>
				<Linker>
					<Add option="-s" />
				</Linker>
			</Target>
		</Build>
		<Compiler>
			<Add option="-Wall" />
			<Add option="-fexceptions" />
		</Compiler>
		<Unit filename="Bimap.h" />
		<Unit filename="DFA.cpp" />
		<Unit filename="DFA.h" />
		<Unit filename="Graph.cpp" />
		<Unit filename="Graph.h" />
		<Unit filename="GroupedNFA.cpp" />
		<Unit filename="GroupedNFA.h" />
		<Unit filename="LexicalAnalyzer.cpp" />
		<Unit filename="LexicalAnalyzer.h" />
		<Unit filename="NFA.cpp" />
		<Unit filename="NFA.h" />
		<Unit filename="NFAOperator.cpp" />
		<Unit filename="NFAOperator.h" />
		<Unit filename="NFAToDFA.cpp" />
		<Unit filename="NFAToDFA.h" />
		<Unit filename="RulesParser.cpp" />
		<Unit filename="RulesParser.h" />
		<Unit filename="TestProgram.cpp" />
		<Unit filename="TestProgram.h" />
		<Unit filename="main.cpp" />
		<Extensions>
			<code_completion />
			<debugger />
		</Extensions>
	</Project>
</CodeBlocks_project_file>
